
Microsoft Visual Studio Solution File, Format Version 12.00
# Visual Studio Version 17
VisualStudioVersion = 17.0.31611.283
MinimumVisualStudioVersion = 10.0.40219.1
Project("{FAE04EC0-301F-11D3-BF4B-00C04F79EFBC}") = "MyMoney", "MyMoney\MyMoney.csproj", "{D0AB2867-06CF-4574-BD99-A06011DEDECC}"
EndProject
Project("{FAE04EC0-301F-11D3-BF4B-00C04F79EFBC}") = "MyMoneyTests", "MyMoneyTests\MyMoneyTests.csproj", "{75B0B37B-6A77-4020-9E92-BB05B1ADF342}"
EndProject
Global
	GlobalSection(SolutionConfigurationPlatforms) = preSolution
		Debug|Any CPU = Debug|Any CPU
		Release|Any CPU = Release|Any CPU
	EndGlobalSection
	GlobalSection(ProjectConfigurationPlatforms) = postSolution
		{37212554-32E7-441A-BC14-098AA22C03D2}.Debug|Any CPU.ActiveCfg = Debug|Any CPU
		{37212554-32E7-441A-BC14-098AA22C03D2}.Debug|Any CPU.Build.0 = Debug|Any CPU
		{37212554-32E7-441A-BC14-098AA22C03D2}.Debug|Any CPU.Deploy.0 = Debug|Any CPU
		{37212554-32E7-441A-BC14-098AA22C03D2}.Release|Any CPU.ActiveCfg = Release|Any CPU
		{37212554-32E7-441A-BC14-098AA22C03D2}.Release|Any CPU.Build.0 = Release|Any CPU
		{37212554-32E7-441A-BC14-098AA22C03D2}.Release|Any CPU.Deploy.0 = Release|Any CPU
		{D0AB2867-06CF-4574-BD99-A06011DEDECC}.Debug|Any CPU.ActiveCfg = Debug|Any CPU
		{D0AB2867-06CF-4574-BD99-A06011DEDECC}.Debug|Any CPU.Build.0 = Debug|Any CPU
		{D0AB2867-06CF-4574-BD99-A06011DEDECC}.Release|Any CPU.ActiveCfg = Release|Any CPU
		{D0AB2867-06CF-4574-BD99-A06011DEDECC}.Release|Any CPU.Build.0 = Release|Any CPU
		{75B0B37B-6A77-4020-9E92-BB05B1ADF342}.Debug|Any CPU.ActiveCfg = Debug|Any CPU
		{75B0B37B-6A77-4020-9E92-BB05B1ADF342}.Debug|Any CPU.Build.0 = Debug|Any CPU
		{75B0B37B-6A77-4020-9E92-BB05B1ADF342}.Release|Any CPU.ActiveCfg = Release|Any CPU
		{75B0B37B-6A77-4020-9E92-BB05B1ADF342}.Release|Any CPU.Build.0 = Release|Any CPU
	EndGlobalSection
	GlobalSection(SolutionProperties) = preSolution
		HideSolutionNode = FALSE
	EndGlobalSection
	GlobalSection(ExtensibilityGlobals) = postSolution
		SolutionGuid = {61F7FB11-1E47-470C-91E2-47F8143E1572}
	EndGlobalSection
EndGlobal
